// !$*UTF8*$!
{
	archiveVersion = 1;
	classes = {
	};
	objectVersion = 46;
	objects = {

/* Begin PBXBuildFile section */
		27E9E4675ED39C79E11F3777 /* libPods-VisualLanguageLearnUITests.a in Frameworks */ = {isa = PBXBuildFile; fileRef = D55A6218628C104329F685F6 /* libPods-VisualLanguageLearnUITests.a */; };
		3BC9BDA3213228F30095B486 /* SelectLanguagesViewController.m in Sources */ = {isa = PBXBuildFile; fileRef = 3BC9BDA2213228F30095B486 /* SelectLanguagesViewController.m */; };
		3BC9BDA621322AB50095B486 /* SelectImageViewController.m in Sources */ = {isa = PBXBuildFile; fileRef = 3BC9BDA521322AB50095B486 /* SelectImageViewController.m */; };
		54528EF1C70450DACB47F9F5 /* libPods-VisualLanguageLearnTests.a in Frameworks */ = {isa = PBXBuildFile; fileRef = DF253EB25F10679DF9AD965E /* libPods-VisualLanguageLearnTests.a */; };
		9D4747982131C59D00886EED /* main.m in Sources */ = {isa = PBXBuildFile; fileRef = 9D4747972131C59D00886EED /* main.m */; };
		9D47479B2131C59D00886EED /* AppDelegate.m in Sources */ = {isa = PBXBuildFile; fileRef = 9D47479A2131C59D00886EED /* AppDelegate.m */; };
		9D47479E2131C59D00886EED /* ViewController.m in Sources */ = {isa = PBXBuildFile; fileRef = 9D47479D2131C59D00886EED /* ViewController.m */; };
		9D4747A12131C59D00886EED /* Main.storyboard in Resources */ = {isa = PBXBuildFile; fileRef = 9D47479F2131C59D00886EED /* Main.storyboard */; };
		9D4747A42131C59D00886EED /* VisualLanguageLearn.xcdatamodeld in Sources */ = {isa = PBXBuildFile; fileRef = 9D4747A22131C59D00886EED /* VisualLanguageLearn.xcdatamodeld */; };
		9D4747A62131C59D00886EED /* Assets.xcassets in Resources */ = {isa = PBXBuildFile; fileRef = 9D4747A52131C59D00886EED /* Assets.xcassets */; };
		9D4747A92131C59D00886EED /* LaunchScreen.storyboard in Resources */ = {isa = PBXBuildFile; fileRef = 9D4747A72131C59D00886EED /* LaunchScreen.storyboard */; };
		9D4747B42131C59D00886EED /* VisualLanguageLearnTests.m in Sources */ = {isa = PBXBuildFile; fileRef = 9D4747B32131C59D00886EED /* VisualLanguageLearnTests.m */; };
		9D4747BF2131C59D00886EED /* VisualLanguageLearnUITests.m in Sources */ = {isa = PBXBuildFile; fileRef = 9D4747BE2131C59D00886EED /* VisualLanguageLearnUITests.m */; };
		9D4747CD2131C94000886EED /* GoogleService-Info.plist in Resources */ = {isa = PBXBuildFile; fileRef = 9D4747CC2131C94000886EED /* GoogleService-Info.plist */; };
		9D4747CF2131F55C00886EED /* CoreLocation.framework in Frameworks */ = {isa = PBXBuildFile; fileRef = 9D4747CE2131F55C00886EED /* CoreLocation.framework */; };
		9E0F9BBE21320070001A1F4E /* TranslationManager.m in Sources */ = {isa = PBXBuildFile; fileRef = 9E0F9BBD21320070001A1F4E /* TranslationManager.m */; };
		DF258812C164B10D38EB5736 /* libPods-VisualLanguageLearn.a in Frameworks */ = {isa = PBXBuildFile; fileRef = 7F9C7568A04417E33F7B4587 /* libPods-VisualLanguageLearn.a */; };
/* End PBXBuildFile section */

/* Begin PBXContainerItemProxy section */
		9D4747B02131C59D00886EED /* PBXContainerItemProxy */ = {
			isa = PBXContainerItemProxy;
			containerPortal = 9D47478B2131C59D00886EED /* Project object */;
			proxyType = 1;
			remoteGlobalIDString = 9D4747922131C59D00886EED;
			remoteInfo = VisualLanguageLearn;
		};
		9D4747BB2131C59D00886EED /* PBXContainerItemProxy */ = {
			isa = PBXContainerItemProxy;
			containerPortal = 9D47478B2131C59D00886EED /* Project object */;
			proxyType = 1;
			remoteGlobalIDString = 9D4747922131C59D00886EED;
			remoteInfo = VisualLanguageLearn;
		};
/* End PBXContainerItemProxy section */

/* Begin PBXFileReference section */
		2B6F6E2CD94E1938274E50A9 /* Pods-VisualLanguageLearnTests.debug.xcconfig */ = {isa = PBXFileReference; includeInIndex = 1; lastKnownFileType = text.xcconfig; name = "Pods-VisualLanguageLearnTests.debug.xcconfig"; path = "Pods/Target Support Files/Pods-VisualLanguageLearnTests/Pods-VisualLanguageLearnTests.debug.xcconfig"; sourceTree = "<group>"; };
		30D3E2B562B97EC108736ED1 /* Pods-VisualLanguageLearn.release.xcconfig */ = {isa = PBXFileReference; includeInIndex = 1; lastKnownFileType = text.xcconfig; name = "Pods-VisualLanguageLearn.release.xcconfig"; path = "Pods/Target Support Files/Pods-VisualLanguageLearn/Pods-VisualLanguageLearn.release.xcconfig"; sourceTree = "<group>"; };
		3BC9BDA1213228F30095B486 /* SelectLanguagesViewController.h */ = {isa = PBXFileReference; lastKnownFileType = sourcecode.c.h; path = SelectLanguagesViewController.h; sourceTree = "<group>"; };
		3BC9BDA2213228F30095B486 /* SelectLanguagesViewController.m */ = {isa = PBXFileReference; lastKnownFileType = sourcecode.c.objc; path = SelectLanguagesViewController.m; sourceTree = "<group>"; };
		3BC9BDA421322AB50095B486 /* SelectImageViewController.h */ = {isa = PBXFileReference; lastKnownFileType = sourcecode.c.h; path = SelectImageViewController.h; sourceTree = "<group>"; };
		3BC9BDA521322AB50095B486 /* SelectImageViewController.m */ = {isa = PBXFileReference; lastKnownFileType = sourcecode.c.objc; path = SelectImageViewController.m; sourceTree = "<group>"; };
		4347037F46FBDD9DC2D1F836 /* Pods-VisualLanguageLearnUITests.debug.xcconfig */ = {isa = PBXFileReference; includeInIndex = 1; lastKnownFileType = text.xcconfig; name = "Pods-VisualLanguageLearnUITests.debug.xcconfig"; path = "Pods/Target Support Files/Pods-VisualLanguageLearnUITests/Pods-VisualLanguageLearnUITests.debug.xcconfig"; sourceTree = "<group>"; };
		5182111A31F1BE728A3B9BA5 /* Pods-VisualLanguageLearnTests.release.xcconfig */ = {isa = PBXFileReference; includeInIndex = 1; lastKnownFileType = text.xcconfig; name = "Pods-VisualLanguageLearnTests.release.xcconfig"; path = "Pods/Target Support Files/Pods-VisualLanguageLearnTests/Pods-VisualLanguageLearnTests.release.xcconfig"; sourceTree = "<group>"; };
		7F9C7568A04417E33F7B4587 /* libPods-VisualLanguageLearn.a */ = {isa = PBXFileReference; explicitFileType = archive.ar; includeInIndex = 0; path = "libPods-VisualLanguageLearn.a"; sourceTree = BUILT_PRODUCTS_DIR; };
		9B6EBA6E38A7013E240432FF /* Pods-VisualLanguageLearn.debug.xcconfig */ = {isa = PBXFileReference; includeInIndex = 1; lastKnownFileType = text.xcconfig; name = "Pods-VisualLanguageLearn.debug.xcconfig"; path = "Pods/Target Support Files/Pods-VisualLanguageLearn/Pods-VisualLanguageLearn.debug.xcconfig"; sourceTree = "<group>"; };
		9D4747932131C59D00886EED /* VisualLanguageLearn.app */ = {isa = PBXFileReference; explicitFileType = wrapper.application; includeInIndex = 0; path = VisualLanguageLearn.app; sourceTree = BUILT_PRODUCTS_DIR; };
		9D4747972131C59D00886EED /* main.m */ = {isa = PBXFileReference; lastKnownFileType = sourcecode.c.objc; path = main.m; sourceTree = "<group>"; };
		9D4747992131C59D00886EED /* AppDelegate.h */ = {isa = PBXFileReference; lastKnownFileType = sourcecode.c.h; path = AppDelegate.h; sourceTree = "<group>"; };
		9D47479A2131C59D00886EED /* AppDelegate.m */ = {isa = PBXFileReference; lastKnownFileType = sourcecode.c.objc; path = AppDelegate.m; sourceTree = "<group>"; };
		9D47479C2131C59D00886EED /* ViewController.h */ = {isa = PBXFileReference; lastKnownFileType = sourcecode.c.h; path = ViewController.h; sourceTree = "<group>"; };
		9D47479D2131C59D00886EED /* ViewController.m */ = {isa = PBXFileReference; lastKnownFileType = sourcecode.c.objc; path = ViewController.m; sourceTree = "<group>"; };
		9D4747A02131C59D00886EED /* Base */ = {isa = PBXFileReference; lastKnownFileType = file.storyboard; name = Base; path = Base.lproj/Main.storyboard; sourceTree = "<group>"; };
		9D4747A32131C59D00886EED /* VisualLanguageLearn.xcdatamodel */ = {isa = PBXFileReference; lastKnownFileType = wrapper.xcdatamodel; path = VisualLanguageLearn.xcdatamodel; sourceTree = "<group>"; };
		9D4747A52131C59D00886EED /* Assets.xcassets */ = {isa = PBXFileReference; lastKnownFileType = folder.assetcatalog; path = Assets.xcassets; sourceTree = "<group>"; };
		9D4747A82131C59D00886EED /* Base */ = {isa = PBXFileReference; lastKnownFileType = file.storyboard; name = Base; path = Base.lproj/LaunchScreen.storyboard; sourceTree = "<group>"; };
		9D4747AA2131C59D00886EED /* Info.plist */ = {isa = PBXFileReference; lastKnownFileType = text.plist.xml; path = Info.plist; sourceTree = "<group>"; };
		9D4747AF2131C59D00886EED /* VisualLanguageLearnTests.xctest */ = {isa = PBXFileReference; explicitFileType = wrapper.cfbundle; includeInIndex = 0; path = VisualLanguageLearnTests.xctest; sourceTree = BUILT_PRODUCTS_DIR; };
		9D4747B32131C59D00886EED /* VisualLanguageLearnTests.m */ = {isa = PBXFileReference; lastKnownFileType = sourcecode.c.objc; path = VisualLanguageLearnTests.m; sourceTree = "<group>"; };
		9D4747B52131C59D00886EED /* Info.plist */ = {isa = PBXFileReference; lastKnownFileType = text.plist.xml; path = Info.plist; sourceTree = "<group>"; };
		9D4747BA2131C59D00886EED /* VisualLanguageLearnUITests.xctest */ = {isa = PBXFileReference; explicitFileType = wrapper.cfbundle; includeInIndex = 0; path = VisualLanguageLearnUITests.xctest; sourceTree = BUILT_PRODUCTS_DIR; };
		9D4747BE2131C59D00886EED /* VisualLanguageLearnUITests.m */ = {isa = PBXFileReference; lastKnownFileType = sourcecode.c.objc; path = VisualLanguageLearnUITests.m; sourceTree = "<group>"; };
		9D4747C02131C59D00886EED /* Info.plist */ = {isa = PBXFileReference; lastKnownFileType = text.plist.xml; path = Info.plist; sourceTree = "<group>"; };
		9D4747CC2131C94000886EED /* GoogleService-Info.plist */ = {isa = PBXFileReference; fileEncoding = 4; lastKnownFileType = text.plist.xml; path = "GoogleService-Info.plist"; sourceTree = "<group>"; };
		9D4747CE2131F55C00886EED /* CoreLocation.framework */ = {isa = PBXFileReference; lastKnownFileType = wrapper.framework; name = CoreLocation.framework; path = System/Library/Frameworks/CoreLocation.framework; sourceTree = SDKROOT; };
		9E0F9BBC21320070001A1F4E /* TranslationManager.h */ = {isa = PBXFileReference; lastKnownFileType = sourcecode.c.h; path = TranslationManager.h; sourceTree = "<group>"; };
		9E0F9BBD21320070001A1F4E /* TranslationManager.m */ = {isa = PBXFileReference; lastKnownFileType = sourcecode.c.objc; path = TranslationManager.m; sourceTree = "<group>"; };
		BB3ADFB31E81942E243777C3 /* Pods-VisualLanguageLearnUITests.release.xcconfig */ = {isa = PBXFileReference; includeInIndex = 1; lastKnownFileType = text.xcconfig; name = "Pods-VisualLanguageLearnUITests.release.xcconfig"; path = "Pods/Target Support Files/Pods-VisualLanguageLearnUITests/Pods-VisualLanguageLearnUITests.release.xcconfig"; sourceTree = "<group>"; };
		D55A6218628C104329F685F6 /* libPods-VisualLanguageLearnUITests.a */ = {isa = PBXFileReference; explicitFileType = archive.ar; includeInIndex = 0; path = "libPods-VisualLanguageLearnUITests.a"; sourceTree = BUILT_PRODUCTS_DIR; };
		DF253EB25F10679DF9AD965E /* libPods-VisualLanguageLearnTests.a */ = {isa = PBXFileReference; explicitFileType = archive.ar; includeInIndex = 0; path = "libPods-VisualLanguageLearnTests.a"; sourceTree = BUILT_PRODUCTS_DIR; };
/* End PBXFileReference section */

/* Begin PBXFrameworksBuildPhase section */
		9D4747902131C59D00886EED /* Frameworks */ = {
			isa = PBXFrameworksBuildPhase;
			buildActionMask = 2147483647;
			files = (
				9D4747CF2131F55C00886EED /* CoreLocation.framework in Frameworks */,
				DF258812C164B10D38EB5736 /* libPods-VisualLanguageLearn.a in Frameworks */,
			);
			runOnlyForDeploymentPostprocessing = 0;
		};
		9D4747AC2131C59D00886EED /* Frameworks */ = {
			isa = PBXFrameworksBuildPhase;
			buildActionMask = 2147483647;
			files = (
				54528EF1C70450DACB47F9F5 /* libPods-VisualLanguageLearnTests.a in Frameworks */,
			);
			runOnlyForDeploymentPostprocessing = 0;
		};
		9D4747B72131C59D00886EED /* Frameworks */ = {
			isa = PBXFrameworksBuildPhase;
			buildActionMask = 2147483647;
			files = (
				27E9E4675ED39C79E11F3777 /* libPods-VisualLanguageLearnUITests.a in Frameworks */,
			);
			runOnlyForDeploymentPostprocessing = 0;
		};
/* End PBXFrameworksBuildPhase section */

/* Begin PBXGroup section */
		178C87ABA558E2C9C21BFDF1 /* Pods */ = {
			isa = PBXGroup;
			children = (
				9B6EBA6E38A7013E240432FF /* Pods-VisualLanguageLearn.debug.xcconfig */,
				30D3E2B562B97EC108736ED1 /* Pods-VisualLanguageLearn.release.xcconfig */,
				2B6F6E2CD94E1938274E50A9 /* Pods-VisualLanguageLearnTests.debug.xcconfig */,
				5182111A31F1BE728A3B9BA5 /* Pods-VisualLanguageLearnTests.release.xcconfig */,
				4347037F46FBDD9DC2D1F836 /* Pods-VisualLanguageLearnUITests.debug.xcconfig */,
				BB3ADFB31E81942E243777C3 /* Pods-VisualLanguageLearnUITests.release.xcconfig */,
			);
			name = Pods;
			sourceTree = "<group>";
		};
		9D47478A2131C59D00886EED = {
			isa = PBXGroup;
			children = (
				9D4747952131C59D00886EED /* VisualLanguageLearn */,
				9D4747B22131C59D00886EED /* VisualLanguageLearnTests */,
				9D4747BD2131C59D00886EED /* VisualLanguageLearnUITests */,
				9D4747942131C59D00886EED /* Products */,
				178C87ABA558E2C9C21BFDF1 /* Pods */,
				F03E61E15EAC65C047E6D05D /* Frameworks */,
			);
			sourceTree = "<group>";
		};
		9D4747942131C59D00886EED /* Products */ = {
			isa = PBXGroup;
			children = (
				9D4747932131C59D00886EED /* VisualLanguageLearn.app */,
				9D4747AF2131C59D00886EED /* VisualLanguageLearnTests.xctest */,
				9D4747BA2131C59D00886EED /* VisualLanguageLearnUITests.xctest */,
			);
			name = Products;
			sourceTree = "<group>";
		};
		9D4747952131C59D00886EED /* VisualLanguageLearn */ = {
			isa = PBXGroup;
			children = (
				9E0F9BB82131FCDE001A1F4E /* API */,
				9D4747992131C59D00886EED /* AppDelegate.h */,
				9D47479A2131C59D00886EED /* AppDelegate.m */,
				9D47479C2131C59D00886EED /* ViewController.h */,
				9D47479D2131C59D00886EED /* ViewController.m */,
				9D47479F2131C59D00886EED /* Main.storyboard */,
				3BC9BDA421322AB50095B486 /* SelectImageViewController.h */,
				3BC9BDA521322AB50095B486 /* SelectImageViewController.m */,
				3BC9BDA1213228F30095B486 /* SelectLanguagesViewController.h */,
				3BC9BDA2213228F30095B486 /* SelectLanguagesViewController.m */,
				9D4747A52131C59D00886EED /* Assets.xcassets */,
				9D4747A72131C59D00886EED /* LaunchScreen.storyboard */,
				9D4747CC2131C94000886EED /* GoogleService-Info.plist */,
				9D4747AA2131C59D00886EED /* Info.plist */,
				9D4747A22131C59D00886EED /* VisualLanguageLearn.xcdatamodeld */,
				9D4747962131C59D00886EED /* Supporting Files */,
			);
			path = VisualLanguageLearn;
			sourceTree = "<group>";
		};
		9D4747962131C59D00886EED /* Supporting Files */ = {
			isa = PBXGroup;
			children = (
				9D4747972131C59D00886EED /* main.m */,
			);
			name = "Supporting Files";
			sourceTree = "<group>";
		};
		9D4747B22131C59D00886EED /* VisualLanguageLearnTests */ = {
			isa = PBXGroup;
			children = (
				9D4747B32131C59D00886EED /* VisualLanguageLearnTests.m */,
				9D4747B52131C59D00886EED /* Info.plist */,
			);
			path = VisualLanguageLearnTests;
			sourceTree = "<group>";
		};
		9D4747BD2131C59D00886EED /* VisualLanguageLearnUITests */ = {
			isa = PBXGroup;
			children = (
				9D4747BE2131C59D00886EED /* VisualLanguageLearnUITests.m */,
				9D4747C02131C59D00886EED /* Info.plist */,
			);
			path = VisualLanguageLearnUITests;
			sourceTree = "<group>";
		};
		9E0F9BB82131FCDE001A1F4E /* API */ = {
			isa = PBXGroup;
			children = (
				9E0F9BBC21320070001A1F4E /* TranslationManager.h */,
				9E0F9BBD21320070001A1F4E /* TranslationManager.m */,
			);
			name = API;
			sourceTree = "<group>";
		};
		F03E61E15EAC65C047E6D05D /* Frameworks */ = {
			isa = PBXGroup;
			children = (
				9D4747CE2131F55C00886EED /* CoreLocation.framework */,
				7F9C7568A04417E33F7B4587 /* libPods-VisualLanguageLearn.a */,
				DF253EB25F10679DF9AD965E /* libPods-VisualLanguageLearnTests.a */,
				D55A6218628C104329F685F6 /* libPods-VisualLanguageLearnUITests.a */,
			);
			name = Frameworks;
			sourceTree = "<group>";
		};
/* End PBXGroup section */

/* Begin PBXNativeTarget section */
		9D4747922131C59D00886EED /* VisualLanguageLearn */ = {
			isa = PBXNativeTarget;
			buildConfigurationList = 9D4747C32131C59D00886EED /* Build configuration list for PBXNativeTarget "VisualLanguageLearn" */;
			buildPhases = (
				2A2F758EF86303C04B629F19 /* [CP] Check Pods Manifest.lock */,
				9D47478F2131C59D00886EED /* Sources */,
				9D4747902131C59D00886EED /* Frameworks */,
				9D4747912131C59D00886EED /* Resources */,
			);
			buildRules = (
			);
			dependencies = (
			);
			name = VisualLanguageLearn;
			productName = VisualLanguageLearn;
			productReference = 9D4747932131C59D00886EED /* VisualLanguageLearn.app */;
			productType = "com.apple.product-type.application";
		};
		9D4747AE2131C59D00886EED /* VisualLanguageLearnTests */ = {
			isa = PBXNativeTarget;
			buildConfigurationList = 9D4747C62131C59D00886EED /* Build configuration list for PBXNativeTarget "VisualLanguageLearnTests" */;
			buildPhases = (
				0D4D16660B19242223793C11 /* [CP] Check Pods Manifest.lock */,
				9D4747AB2131C59D00886EED /* Sources */,
				9D4747AC2131C59D00886EED /* Frameworks */,
				9D4747AD2131C59D00886EED /* Resources */,
			);
			buildRules = (
			);
			dependencies = (
				9D4747B12131C59D00886EED /* PBXTargetDependency */,
			);
			name = VisualLanguageLearnTests;
			productName = VisualLanguageLearnTests;
			productReference = 9D4747AF2131C59D00886EED /* VisualLanguageLearnTests.xctest */;
			productType = "com.apple.product-type.bundle.unit-test";
		};
		9D4747B92131C59D00886EED /* VisualLanguageLearnUITests */ = {
			isa = PBXNativeTarget;
			buildConfigurationList = 9D4747C92131C59D00886EED /* Build configuration list for PBXNativeTarget "VisualLanguageLearnUITests" */;
			buildPhases = (
				0AF8DA7C7DA2C07699A4D4FF /* [CP] Check Pods Manifest.lock */,
				9D4747B62131C59D00886EED /* Sources */,
				9D4747B72131C59D00886EED /* Frameworks */,
				9D4747B82131C59D00886EED /* Resources */,
			);
			buildRules = (
			);
			dependencies = (
				9D4747BC2131C59D00886EED /* PBXTargetDependency */,
			);
			name = VisualLanguageLearnUITests;
			productName = VisualLanguageLearnUITests;
			productReference = 9D4747BA2131C59D00886EED /* VisualLanguageLearnUITests.xctest */;
			productType = "com.apple.product-type.bundle.ui-testing";
		};
/* End PBXNativeTarget section */

/* Begin PBXProject section */
		9D47478B2131C59D00886EED /* Project object */ = {
			isa = PBXProject;
			attributes = {
				LastUpgradeCheck = 0830;
				ORGANIZATIONNAME = Codefighters;
				TargetAttributes = {
					9D4747922131C59D00886EED = {
						CreatedOnToolsVersion = 8.3.2;
						DevelopmentTeam = 4H789JND9X;
						ProvisioningStyle = Automatic;
					};
					9D4747AE2131C59D00886EED = {
						CreatedOnToolsVersion = 8.3.2;
						DevelopmentTeam = H776QDNMS8;
						ProvisioningStyle = Automatic;
						TestTargetID = 9D4747922131C59D00886EED;
					};
					9D4747B92131C59D00886EED = {
						CreatedOnToolsVersion = 8.3.2;
						DevelopmentTeam = H776QDNMS8;
						ProvisioningStyle = Automatic;
						TestTargetID = 9D4747922131C59D00886EED;
					};
				};
			};
			buildConfigurationList = 9D47478E2131C59D00886EED /* Build configuration list for PBXProject "VisualLanguageLearn" */;
			compatibilityVersion = "Xcode 3.2";
			developmentRegion = English;
			hasScannedForEncodings = 0;
			knownRegions = (
				en,
				Base,
			);
			mainGroup = 9D47478A2131C59D00886EED;
			productRefGroup = 9D4747942131C59D00886EED /* Products */;
			projectDirPath = "";
			projectRoot = "";
			targets = (
				9D4747922131C59D00886EED /* VisualLanguageLearn */,
				9D4747AE2131C59D00886EED /* VisualLanguageLearnTests */,
				9D4747B92131C59D00886EED /* VisualLanguageLearnUITests */,
			);
		};
/* End PBXProject section */

/* Begin PBXResourcesBuildPhase section */
		9D4747912131C59D00886EED /* Resources */ = {
			isa = PBXResourcesBuildPhase;
			buildActionMask = 2147483647;
			files = (
				9D4747A92131C59D00886EED /* LaunchScreen.storyboard in Resources */,
				9D4747CD2131C94000886EED /* GoogleService-Info.plist in Resources */,
				9D4747A62131C59D00886EED /* Assets.xcassets in Resources */,
				9D4747A12131C59D00886EED /* Main.storyboard in Resources */,
			);
			runOnlyForDeploymentPostprocessing = 0;
		};
		9D4747AD2131C59D00886EED /* Resources */ = {
			isa = PBXResourcesBuildPhase;
			buildActionMask = 2147483647;
			files = (
			);
			runOnlyForDeploymentPostprocessing = 0;
		};
		9D4747B82131C59D00886EED /* Resources */ = {
			isa = PBXResourcesBuildPhase;
			buildActionMask = 2147483647;
			files = (
			);
			runOnlyForDeploymentPostprocessing = 0;
		};
/* End PBXResourcesBuildPhase section */

/* Begin PBXShellScriptBuildPhase section */
		0AF8DA7C7DA2C07699A4D4FF /* [CP] Check Pods Manifest.lock */ = {
			isa = PBXShellScriptBuildPhase;
			buildActionMask = 2147483647;
			files = (
			);
			inputPaths = (
				"${PODS_PODFILE_DIR_PATH}/Podfile.lock",
				"${PODS_ROOT}/Manifest.lock",
			);
			name = "[CP] Check Pods Manifest.lock";
			outputPaths = (
				"$(DERIVED_FILE_DIR)/Pods-VisualLanguageLearnUITests-checkManifestLockResult.txt",
			);
			runOnlyForDeploymentPostprocessing = 0;
			shellPath = /bin/sh;
			shellScript = "diff \"${PODS_PODFILE_DIR_PATH}/Podfile.lock\" \"${PODS_ROOT}/Manifest.lock\" > /dev/null\nif [ $? != 0 ] ; then\n    # print error to STDERR\n    echo \"error: The sandbox is not in sync with the Podfile.lock. Run 'pod install' or update your CocoaPods installation.\" >&2\n    exit 1\nfi\n# This output is used by Xcode 'outputs' to avoid re-running this script phase.\necho \"SUCCESS\" > \"${SCRIPT_OUTPUT_FILE_0}\"\n";
			showEnvVarsInLog = 0;
		};
		0D4D16660B19242223793C11 /* [CP] Check Pods Manifest.lock */ = {
			isa = PBXShellScriptBuildPhase;
			buildActionMask = 2147483647;
			files = (
			);
			inputPaths = (
				"${PODS_PODFILE_DIR_PATH}/Podfile.lock",
				"${PODS_ROOT}/Manifest.lock",
			);
			name = "[CP] Check Pods Manifest.lock";
			outputPaths = (
				"$(DERIVED_FILE_DIR)/Pods-VisualLanguageLearnTests-checkManifestLockResult.txt",
			);
			runOnlyForDeploymentPostprocessing = 0;
			shellPath = /bin/sh;
			shellScript = "diff \"${PODS_PODFILE_DIR_PATH}/Podfile.lock\" \"${PODS_ROOT}/Manifest.lock\" > /dev/null\nif [ $? != 0 ] ; then\n    # print error to STDERR\n    echo \"error: The sandbox is not in sync with the Podfile.lock. Run 'pod install' or update your CocoaPods installation.\" >&2\n    exit 1\nfi\n# This output is used by Xcode 'outputs' to avoid re-running this script phase.\necho \"SUCCESS\" > \"${SCRIPT_OUTPUT_FILE_0}\"\n";
			showEnvVarsInLog = 0;
		};
		2A2F758EF86303C04B629F19 /* [CP] Check Pods Manifest.lock */ = {
			isa = PBXShellScriptBuildPhase;
			buildActionMask = 2147483647;
			files = (
			);
			inputPaths = (
				"${PODS_PODFILE_DIR_PATH}/Podfile.lock",
				"${PODS_ROOT}/Manifest.lock",
			);
			name = "[CP] Check Pods Manifest.lock";
			outputPaths = (
				"$(DERIVED_FILE_DIR)/Pods-VisualLanguageLearn-checkManifestLockResult.txt",
			);
			runOnlyForDeploymentPostprocessing = 0;
			shellPath = /bin/sh;
			shellScript = "diff \"${PODS_PODFILE_DIR_PATH}/Podfile.lock\" \"${PODS_ROOT}/Manifest.lock\" > /dev/null\nif [ $? != 0 ] ; then\n    # print error to STDERR\n    echo \"error: The sandbox is not in sync with the Podfile.lock. Run 'pod install' or update your CocoaPods installation.\" >&2\n    exit 1\nfi\n# This output is used by Xcode 'outputs' to avoid re-running this script phase.\necho \"SUCCESS\" > \"${SCRIPT_OUTPUT_FILE_0}\"\n";
			showEnvVarsInLog = 0;
		};
/* End PBXShellScriptBuildPhase section */

/* Begin PBXSourcesBuildPhase section */
		9D47478F2131C59D00886EED /* Sources */ = {
			isa = PBXSourcesBuildPhase;
			buildActionMask = 2147483647;
			files = (
				3BC9BDA3213228F30095B486 /* SelectLanguagesViewController.m in Sources */,
				9D4747A42131C59D00886EED /* VisualLanguageLearn.xcdatamodeld in Sources */,
				9D47479E2131C59D00886EED /* ViewController.m in Sources */,
				9D47479B2131C59D00886EED /* AppDelegate.m in Sources */,
				3BC9BDA621322AB50095B486 /* SelectImageViewController.m in Sources */,
				9D4747982131C59D00886EED /* main.m in Sources */,
				9E0F9BBE21320070001A1F4E /* TranslationManager.m in Sources */,
			);
			runOnlyForDeploymentPostprocessing = 0;
		};
		9D4747AB2131C59D00886EED /* Sources */ = {
			isa = PBXSourcesBuildPhase;
			buildActionMask = 2147483647;
			files = (
				9D4747B42131C59D00886EED /* VisualLanguageLearnTests.m in Sources */,
			);
			runOnlyForDeploymentPostprocessing = 0;
		};
		9D4747B62131C59D00886EED /* Sources */ = {
			isa = PBXSourcesBuildPhase;
			buildActionMask = 2147483647;
			files = (
				9D4747BF2131C59D00886EED /* VisualLanguageLearnUITests.m in Sources */,
			);
			runOnlyForDeploymentPostprocessing = 0;
		};
/* End PBXSourcesBuildPhase section */

/* Begin PBXTargetDependency section */
		9D4747B12131C59D00886EED /* PBXTargetDependency */ = {
			isa = PBXTargetDependency;
			target = 9D4747922131C59D00886EED /* VisualLanguageLearn */;
			targetProxy = 9D4747B02131C59D00886EED /* PBXContainerItemProxy */;
		};
		9D4747BC2131C59D00886EED /* PBXTargetDependency */ = {
			isa = PBXTargetDependency;
			target = 9D4747922131C59D00886EED /* VisualLanguageLearn */;
			targetProxy = 9D4747BB2131C59D00886EED /* PBXContainerItemProxy */;
		};
/* End PBXTargetDependency section */

/* Begin PBXVariantGroup section */
		9D47479F2131C59D00886EED /* Main.storyboard */ = {
			isa = PBXVariantGroup;
			children = (
				9D4747A02131C59D00886EED /* Base */,
			);
			name = Main.storyboard;
			sourceTree = "<group>";
		};
		9D4747A72131C59D00886EED /* LaunchScreen.storyboard */ = {
			isa = PBXVariantGroup;
			children = (
				9D4747A82131C59D00886EED /* Base */,
			);
			name = LaunchScreen.storyboard;
			sourceTree = "<group>";
		};
/* End PBXVariantGroup section */

/* Begin XCBuildConfiguration section */
		9D4747C12131C59D00886EED /* Debug */ = {
			isa = XCBuildConfiguration;
			buildSettings = {
				ALWAYS_SEARCH_USER_PATHS = NO;
				CLANG_ANALYZER_NONNULL = YES;
				CLANG_ANALYZER_NUMBER_OBJECT_CONVERSION = YES_AGGRESSIVE;
				CLANG_CXX_LANGUAGE_STANDARD = "gnu++0x";
				CLANG_CXX_LIBRARY = "libc++";
				CLANG_ENABLE_MODULES = YES;
				CLANG_ENABLE_OBJC_ARC = YES;
				CLANG_WARN_BOOL_CONVERSION = YES;
				CLANG_WARN_CONSTANT_CONVERSION = YES;
				CLANG_WARN_DIRECT_OBJC_ISA_USAGE = YES_ERROR;
				CLANG_WARN_DOCUMENTATION_COMMENTS = YES;
				CLANG_WARN_EMPTY_BODY = YES;
				CLANG_WARN_ENUM_CONVERSION = YES;
				CLANG_WARN_INFINITE_RECURSION = YES;
				CLANG_WARN_INT_CONVERSION = YES;
				CLANG_WARN_OBJC_ROOT_CLASS = YES_ERROR;
				CLANG_WARN_SUSPICIOUS_MOVE = YES;
				CLANG_WARN_UNREACHABLE_CODE = YES;
				CLANG_WARN__DUPLICATE_METHOD_MATCH = YES;
				"CODE_SIGN_IDENTITY[sdk=iphoneos*]" = "iPhone Developer";
				COPY_PHASE_STRIP = NO;
				DEBUG_INFORMATION_FORMAT = dwarf;
				ENABLE_STRICT_OBJC_MSGSEND = YES;
				ENABLE_TESTABILITY = YES;
				GCC_C_LANGUAGE_STANDARD = gnu99;
				GCC_DYNAMIC_NO_PIC = NO;
				GCC_NO_COMMON_BLOCKS = YES;
				GCC_OPTIMIZATION_LEVEL = 0;
				GCC_PREPROCESSOR_DEFINITIONS = (
					"DEBUG=1",
					"$(inherited)",
				);
				GCC_WARN_64_TO_32_BIT_CONVERSION = YES;
				GCC_WARN_ABOUT_RETURN_TYPE = YES_ERROR;
				GCC_WARN_UNDECLARED_SELECTOR = YES;
				GCC_WARN_UNINITIALIZED_AUTOS = YES_AGGRESSIVE;
				GCC_WARN_UNUSED_FUNCTION = YES;
				GCC_WARN_UNUSED_VARIABLE = YES;
				IPHONEOS_DEPLOYMENT_TARGET = 10.3;
				MTL_ENABLE_DEBUG_INFO = YES;
				ONLY_ACTIVE_ARCH = YES;
				SDKROOT = iphoneos;
				TARGETED_DEVICE_FAMILY = "1,2";
			};
			name = Debug;
		};
		9D4747C22131C59D00886EED /* Release */ = {
			isa = XCBuildConfiguration;
			buildSettings = {
				ALWAYS_SEARCH_USER_PATHS = NO;
				CLANG_ANALYZER_NONNULL = YES;
				CLANG_ANALYZER_NUMBER_OBJECT_CONVERSION = YES_AGGRESSIVE;
				CLANG_CXX_LANGUAGE_STANDARD = "gnu++0x";
				CLANG_CXX_LIBRARY = "libc++";
				CLANG_ENABLE_MODULES = YES;
				CLANG_ENABLE_OBJC_ARC = YES;
				CLANG_WARN_BOOL_CONVERSION = YES;
				CLANG_WARN_CONSTANT_CONVERSION = YES;
				CLANG_WARN_DIRECT_OBJC_ISA_USAGE = YES_ERROR;
				CLANG_WARN_DOCUMENTATION_COMMENTS = YES;
				CLANG_WARN_EMPTY_BODY = YES;
				CLANG_WARN_ENUM_CONVERSION = YES;
				CLANG_WARN_INFINITE_RECURSION = YES;
				CLANG_WARN_INT_CONVERSION = YES;
				CLANG_WARN_OBJC_ROOT_CLASS = YES_ERROR;
				CLANG_WARN_SUSPICIOUS_MOVE = YES;
				CLANG_WARN_UNREACHABLE_CODE = YES;
				CLANG_WARN__DUPLICATE_METHOD_MATCH = YES;
				"CODE_SIGN_IDENTITY[sdk=iphoneos*]" = "iPhone Developer";
				COPY_PHASE_STRIP = NO;
				DEBUG_INFORMATION_FORMAT = "dwarf-with-dsym";
				ENABLE_NS_ASSERTIONS = NO;
				ENABLE_STRICT_OBJC_MSGSEND = YES;
				GCC_C_LANGUAGE_STANDARD = gnu99;
				GCC_NO_COMMON_BLOCKS = YES;
				GCC_WARN_64_TO_32_BIT_CONVERSION = YES;
				GCC_WARN_ABOUT_RETURN_TYPE = YES_ERROR;
				GCC_WARN_UNDECLARED_SELECTOR = YES;
				GCC_WARN_UNINITIALIZED_AUTOS = YES_AGGRESSIVE;
				GCC_WARN_UNUSED_FUNCTION = YES;
				GCC_WARN_UNUSED_VARIABLE = YES;
				IPHONEOS_DEPLOYMENT_TARGET = 10.3;
				MTL_ENABLE_DEBUG_INFO = NO;
				SDKROOT = iphoneos;
				TARGETED_DEVICE_FAMILY = "1,2";
				VALIDATE_PRODUCT = YES;
			};
			name = Release;
		};
		9D4747C42131C59D00886EED /* Debug */ = {
			isa = XCBuildConfiguration;
			baseConfigurationReference = 9B6EBA6E38A7013E240432FF /* Pods-VisualLanguageLearn.debug.xcconfig */;
			buildSettings = {
				ASSETCATALOG_COMPILER_APPICON_NAME = AppIcon;
				DEVELOPMENT_TEAM = 4H789JND9X;
				INFOPLIST_FILE = VisualLanguageLearn/Info.plist;
				LD_RUNPATH_SEARCH_PATHS = "$(inherited) @executable_path/Frameworks";
				PRODUCT_BUNDLE_IDENTIFIER = com.codefighters.VisualLanguageLearn;
				PRODUCT_NAME = "$(TARGET_NAME)";
			};
			name = Debug;
		};
		9D4747C52131C59D00886EED /* Release */ = {
			isa = XCBuildConfiguration;
			baseConfigurationReference = 30D3E2B562B97EC108736ED1 /* Pods-VisualLanguageLearn.release.xcconfig */;
			buildSettings = {
				ASSETCATALOG_COMPILER_APPICON_NAME = AppIcon;
				DEVELOPMENT_TEAM = 4H789JND9X;
				INFOPLIST_FILE = VisualLanguageLearn/Info.plist;
				LD_RUNPATH_SEARCH_PATHS = "$(inherited) @executable_path/Frameworks";
				PRODUCT_BUNDLE_IDENTIFIER = com.codefighters.VisualLanguageLearn;
				PRODUCT_NAME = "$(TARGET_NAME)";
			};
			name = Release;
		};
		9D4747C72131C59D00886EED /* Debug */ = {
			isa = XCBuildConfiguration;
			baseConfigurationReference = 2B6F6E2CD94E1938274E50A9 /* Pods-VisualLanguageLearnTests.debug.xcconfig */;
			buildSettings = {
				BUNDLE_LOADER = "$(TEST_HOST)";
				DEVELOPMENT_TEAM = H776QDNMS8;
				INFOPLIST_FILE = VisualLanguageLearnTests/Info.plist;
				LD_RUNPATH_SEARCH_PATHS = "$(inherited) @executable_path/Frameworks @loader_path/Frameworks";
				PRODUCT_BUNDLE_IDENTIFIER = com.diaz.VisualLanguageLearnTests;
				PRODUCT_NAME = "$(TARGET_NAME)";
				TEST_HOST = "$(BUILT_PRODUCTS_DIR)/VisualLanguageLearn.app/VisualLanguageLearn";
			};
			name = Debug;
		};
		9D4747C82131C59D00886EED /* Release */ = {
			isa = XCBuildConfiguration;
			baseConfigurationReference = 5182111A31F1BE728A3B9BA5 /* Pods-VisualLanguageLearnTests.release.xcconfig */;
			buildSettings = {
				BUNDLE_LOADER = "$(TEST_HOST)";
				DEVELOPMENT_TEAM = H776QDNMS8;
				INFOPLIST_FILE = VisualLanguageLearnTests/Info.plist;
				LD_RUNPATH_SEARCH_PATHS = "$(inherited) @executable_path/Frameworks @loader_path/Frameworks";
				PRODUCT_BUNDLE_IDENTIFIER = com.diaz.VisualLanguageLearnTests;
				PRODUCT_NAME = "$(TARGET_NAME)";
				TEST_HOST = "$(BUILT_PRODUCTS_DIR)/VisualLanguageLearn.app/VisualLanguageLearn";
			};
			name = Release;
		};
		9D4747CA2131C59D00886EED /* Debug */ = {
			isa = XCBuildConfiguration;
			baseConfigurationReference = 4347037F46FBDD9DC2D1F836 /* Pods-VisualLanguageLearnUITests.debug.xcconfig */;
			buildSettings = {
				DEVELOPMENT_TEAM = H776QDNMS8;
				INFOPLIST_FILE = VisualLanguageLearnUITests/Info.plist;
				LD_RUNPATH_SEARCH_PATHS = "$(inherited) @executable_path/Frameworks @loader_path/Frameworks";
				PRODUCT_BUNDLE_IDENTIFIER = com.diaz.VisualLanguageLearnUITests;
				PRODUCT_NAME = "$(TARGET_NAME)";
				TEST_TARGET_NAME = VisualLanguageLearn;
			};
			name = Debug;
		};
		9D4747CB2131C59D00886EED /* Release */ = {
			isa = XCBuildConfiguration;
			baseConfigurationReference = BB3ADFB31E81942E243777C3 /* Pods-VisualLanguageLearnUITests.release.xcconfig */;
			buildSettings = {
				DEVELOPMENT_TEAM = H776QDNMS8;
				INFOPLIST_FILE = VisualLanguageLearnUITests/Info.plist;
				LD_RUNPATH_SEARCH_PATHS = "$(inherited) @executable_path/Frameworks @loader_path/Frameworks";
				PRODUCT_BUNDLE_IDENTIFIER = com.diaz.VisualLanguageLearnUITests;
				PRODUCT_NAME = "$(TARGET_NAME)";
				TEST_TARGET_NAME = VisualLanguageLearn;
			};
			name = Release;
		};
/* End XCBuildConfiguration section */

/* Begin XCConfigurationList section */
		9D47478E2131C59D00886EED /* Build configuration list for PBXProject "VisualLanguageLearn" */ = {
			isa = XCConfigurationList;
			buildConfigurations = (
				9D4747C12131C59D00886EED /* Debug */,
				9D4747C22131C59D00886EED /* Release */,
			);
			defaultConfigurationIsVisible = 0;
			defaultConfigurationName = Release;
		};
		9D4747C32131C59D00886EED /* Build configuration list for PBXNativeTarget "VisualLanguageLearn" */ = {
			isa = XCConfigurationList;
			buildConfigurations = (
				9D4747C42131C59D00886EED /* Debug */,
				9D4747C52131C59D00886EED /* Release */,
			);
			defaultConfigurationIsVisible = 0;
			defaultConfigurationName = Release;
		};
		9D4747C62131C59D00886EED /* Build configuration list for PBXNativeTarget "VisualLanguageLearnTests" */ = {
			isa = XCConfigurationList;
			buildConfigurations = (
				9D4747C72131C59D00886EED /* Debug */,
				9D4747C82131C59D00886EED /* Release */,
			);
			defaultConfigurationIsVisible = 0;
			defaultConfigurationName = Release;
		};
		9D4747C92131C59D00886EED /* Build configuration list for PBXNativeTarget "VisualLanguageLearnUITests" */ = {
			isa = XCConfigurationList;
			buildConfigurations = (
				9D4747CA2131C59D00886EED /* Debug */,
				9D4747CB2131C59D00886EED /* Release */,
			);
			defaultConfigurationIsVisible = 0;
			defaultConfigurationName = Release;
		};
/* End XCConfigurationList section */

/* Begin XCVersionGroup section */
		9D4747A22131C59D00886EED /* VisualLanguageLearn.xcdatamodeld */ = {
			isa = XCVersionGroup;
			children = (
				9D4747A32131C59D00886EED /* VisualLanguageLearn.xcdatamodel */,
			);
			currentVersion = 9D4747A32131C59D00886EED /* VisualLanguageLearn.xcdatamodel */;
			path = VisualLanguageLearn.xcdatamodeld;
			sourceTree = "<group>";
			versionGroupType = wrapper.xcdatamodel;
		};
/* End XCVersionGroup section */
	};
	rootObject = 9D47478B2131C59D00886EED /* Project object */;
}
